{
  "name": "tangerine",
  "version": "1.0.0",
  "lockfileVersion": 1,
  "requires": true,
  "dependencies": {
    "ascii-art-font": {
      "version": "1.0.2",
      "resolved": "https://registry.npmjs.org/ascii-art-font/-/ascii-art-font-1.0.2.tgz",
      "integrity": "sha512-0hMSwoO1qk8u8IkFMxycqZxwi3SgzRzGQzqzv8RGaMmst4fVgerUTobEiJHZIRcLLrUvKa2DHMWqWKMTJG3QsQ=="
    },
    "async-limiter": {
      "version": "1.0.1",
      "resolved": "https://registry.npmjs.org/async-limiter/-/async-limiter-1.0.1.tgz",
      "integrity": "sha512-csOlWGAcRFJaI6m+F2WKdnMKr4HhdhFVBk0H/QbJFMCr+uO2kwohwXQPxw/9OCxp05r5ghVBFSyioixx3gfkNQ=="
    },
    "bluebird": {
      "version": "3.7.2",
      "resolved": "https://registry.npmjs.org/bluebird/-/bluebird-3.7.2.tgz",
      "integrity": "sha512-XpNj6GDQzdfW+r2Wnn7xiSAd7TM3jzkxGXBGTtWKuSXv1xUV+azxAm8jdWZN06QTQk+2N2XB9jRDkvbmQmcRtg=="
    },
    "discord.js": {
      "version": "11.5.1",
      "resolved": "https://registry.npmjs.org/discord.js/-/discord.js-11.5.1.tgz",
      "integrity": "sha512-tGhV5xaZXE3Z+4uXJb3hYM6gQ1NmnSxp9PClcsSAYFVRzH6AJH74040mO3afPDMWEAlj8XsoPXXTJHTxesqcGw==",
      "requires": {
        "long": "^4.0.0",
        "prism-media": "^0.0.3",
        "snekfetch": "^3.6.4",
        "tweetnacl": "^1.0.0",
        "ws": "^6.0.0"
      }
    },
    "dotenv": {
      "version": "8.2.0",
      "resolved": "https://registry.npmjs.org/dotenv/-/dotenv-8.2.0.tgz",
      "integrity": "sha512-8sJ78ElpbDJBHNeBzUbUVLsqKdccaa/BXF1uPTw3GrvQTBgrQrtObr2mUrE38vzYd8cEv+m/JBfDLioYcfXoaw=="
    },
    "figlet": {
      "version": "1.3.0",
      "resolved": "https://registry.npmjs.org/figlet/-/figlet-1.3.0.tgz",
      "integrity": "sha512-f7A8aOJAfyehLJ7lQ6rEA8WJw7kOk3lfWRi5piSjkzbK5YkI5sqO8eiLHz1ehO+DM0QYB85i8VfA6XIGUbU1dg=="
    },
    "long": {
      "version": "4.0.0",
      "resolved": "https://registry.npmjs.org/long/-/long-4.0.0.tgz",
      "integrity": "sha512-XsP+KhQif4bjX1kbuSiySJFNAehNxgLb6hPRGJ9QsUr8ajHkuXGdrHmFUTUUXhDwVX2R5bY4JNZEwbUiMhV+MA=="
    },
    "moment": {
      "version": "2.24.0",
      "resolved": "https://registry.npmjs.org/moment/-/moment-2.24.0.tgz",
      "integrity": "sha512-bV7f+6l2QigeBBZSM/6yTNq4P2fNpSWj/0e7jQcy87A8e7o2nAfP/34/2ky5Vw4B9S446EtIhodAzkFCcR4dQg=="
    },
    "moment-timezone": {
      "version": "0.5.28",
      "resolved": "https://registry.npmjs.org/moment-timezone/-/moment-timezone-0.5.28.tgz",
      "integrity": "sha512-TDJkZvAyKIVWg5EtVqRzU97w0Rb0YVbfpqyjgu6GwXCAohVRqwZjf4fOzDE6p1Ch98Sro/8hQQi65WDXW5STPw==",
      "requires": {
        "moment": ">= 2.9.0"
      }
    },
    "ms": {
      "version": "2.1.2",
      "resolved": "https://registry.npmjs.org/ms/-/ms-2.1.2.tgz",
      "integrity": "sha512-sGkPx+VjMtmA6MX27oA4FBFELFCZZ4S4XqeGOXCv68tT+jb3vk/RyaKWP0PTKyWtmLSM0b+adUTEvbs1PEaH2w=="
    },
    "node-emoji-clock": {
      "version": "0.1.0",
      "resolved": "https://registry.npmjs.org/node-emoji-clock/-/node-emoji-clock-0.1.0.tgz",
      "integrity": "sha1-IVOTWNwuvyjXREXh3UqpyKrTO+U="
    },
    "node-fetch": {
      "version": "2.6.0",
      "resolved": "https://registry.npmjs.org/node-fetch/-/node-fetch-2.6.0.tgz",
      "integrity": "sha512-8dG4H5ujfvFiqDmVu9fQ5bOHUC15JMjMY/Zumv26oOvvVJjM67KF8koCWIabKQ1GJIa9r2mMZscBq/TbdOcmNA=="
    },
    "prism-media": {
      "version": "0.0.3",
      "resolved": "https://registry.npmjs.org/prism-media/-/prism-media-0.0.3.tgz",
      "integrity": "sha512-c9KkNifSMU/iXT8FFTaBwBMr+rdVcN+H/uNv1o+CuFeTThNZNTOrQ+RgXA1yL/DeLk098duAeRPP3QNPNbhxYQ=="
    },
    "r6api.js": {
      "version": "1.3.0",
      "resolved": "https://registry.npmjs.org/r6api.js/-/r6api.js-1.3.0.tgz",
      "integrity": "sha512-w9e4izPgj99fS8HwXds/pe7JWOuhyN5BZLokWXljc/sfdgcOVM8OnFC/SD0QogsJJ77ak+Ve9Y/ziNY9AMv+sg==",
      "requires": {
        "bluebird": "^3.5.5",
        "node-fetch": "^2.6.0"
      }
    },
    "random-text-meme": {
      "version": "1.1.9",
      "resolved": "https://registry.npmjs.org/random-text-meme/-/random-text-meme-1.1.9.tgz",
      "integrity": "sha512-2iwRTH8wNjlCUE0IIU4FxS9MeVrmzFLj+XZrDPVOuZUxqwd7n6CAuXYazu2fIac5A9QGYkXitgSHA4gP3VdBlg=="
    },
    "random-word-by-length": {
      "version": "0.1.0",
      "resolved": "https://registry.npmjs.org/random-word-by-length/-/random-word-by-length-0.1.0.tgz",
      "integrity": "sha1-uZo8kKIO/J2DG1O6Cu8U/i0OY8k=",
      "requires": {
        "unique-random": "~0.1.0",
        "word-list-json": "^0.2.0"
      }
    },
    "snekfetch": {
      "version": "3.6.4",
      "resolved": "https://registry.npmjs.org/snekfetch/-/snekfetch-3.6.4.tgz",
      "integrity": "sha512-NjxjITIj04Ffqid5lqr7XdgwM7X61c/Dns073Ly170bPQHLm6jkmelye/eglS++1nfTWktpP6Y2bFXjdPlQqdw=="
    },
    "tweetnacl": {
      "version": "1.0.3",
      "resolved": "https://registry.npmjs.org/tweetnacl/-/tweetnacl-1.0.3.tgz",
      "integrity": "sha512-6rt+RN7aOi1nGMyC4Xa5DdYiukl2UWCbcJft7YhxReBGQD7OAM8Pbxw6YMo4r2diNEA8FEmu32YOn9rhaiE5yw=="
    },
    "unique-random": {
      "version": "0.1.1",
      "resolved": "https://registry.npmjs.org/unique-random/-/unique-random-0.1.1.tgz",
      "integrity": "sha1-xMyqvtqrhTTg9U2vXxB0PuXGkq0="
    },
    "word-list-json": {
      "version": "0.2.0",
      "resolved": "https://registry.npmjs.org/word-list-json/-/word-list-json-0.2.0.tgz",
      "integrity": "sha1-uNLJNOkSm/+w5I9kr3ECBpH3ih8="
    },
    "ws": {
      "version": "6.2.1",
      "resolved": "https://registry.npmjs.org/ws/-/ws-6.2.1.tgz",
      "integrity": "sha512-GIyAXC2cB7LjvpgMt9EKS2ldqr0MTrORaleiOno6TweZ6r3TKtoFQWay/2PceJ3RuBasOHzXNn5Lrw1X0bEjqA==",
      "requires": {
        "async-limiter": "~1.0.0"
      }
    }
  }
}
